
Microsoft Visual Studio Solution File, Format Version 12.00
# Visual Studio 15
VisualStudioVersion = 15.0.28010.2003
MinimumVisualStudioVersion = 10.0.40219.1
Project("{FAE04EC0-301F-11D3-BF4B-00C04F79EFBC}") = "AirTrafficMonitoringSystem", "AirTrafficMonitoringSystem\AirTrafficMonitoringSystem.csproj", "{65FEFF89-8849-426F-87B5-ADDDF78F4C7A}"
EndProject
Global
	GlobalSection(SolutionConfigurationPlatforms) = preSolution
		Debug|Any CPU = Debug|Any CPU
		Release|Any CPU = Release|Any CPU
	EndGlobalSection
	GlobalSection(ProjectConfigurationPlatforms) = postSolution
		{65FEFF89-8849-426F-87B5-ADDDF78F4C7A}.Debug|Any CPU.ActiveCfg = Debug|Any CPU
		{65FEFF89-8849-426F-87B5-ADDDF78F4C7A}.Debug|Any CPU.Build.0 = Debug|Any CPU
		{65FEFF89-8849-426F-87B5-ADDDF78F4C7A}.Release|Any CPU.ActiveCfg = Release|Any CPU
		{65FEFF89-8849-426F-87B5-ADDDF78F4C7A}.Release|Any CPU.Build.0 = Release|Any CPU
	EndGlobalSection
	GlobalSection(SolutionProperties) = preSolution
		HideSolutionNode = FALSE
	EndGlobalSection
	GlobalSection(ExtensibilityGlobals) = postSolution
		SolutionGuid = {E1E3A2BB-36E7-4C16-AD38-7C49CC5CD24D}
	EndGlobalSection
EndGlobal
